
Microsoft Visual Studio Solution File, Format Version 12.00
# Visual Studio Version 16
VisualStudioVersion = 16.0.29911.84
MinimumVisualStudioVersion = 10.0.40219.1
Project("{FAE04EC0-301F-11D3-BF4B-00C04F79EFBC}") = "WMaze_RUN", "WMaze_RUN\WMaze_RUN.csproj", "{0851AF83-03C1-4BA1-B593-4ED0F6022734}"
EndProject
Project("{FAE04EC0-301F-11D3-BF4B-00C04F79EFBC}") = "WMazeLibrary", "WMazeLibrary\WMazeLibrary.csproj", "{B8FBB471-E655-4F98-B211-CFD081B57DBE}"
EndProject
Project("{8BC9CEB8-8B4A-11D0-8D11-00A0C91BC942}") = "WMaze_RUN_Arduino", "..\..\WMaze_CODE\Arduino\WMAZE_RUN\WMaze_RUN_Arduino\WMaze_RUN_Arduino.vcxproj", "{C5F80730-F44F-4478-BDAE-6634EFC2CA88}"
EndProject
Project("{2150E333-8FDC-42A3-9474-1A3956D46DE8}") = "Solution Items", "Solution Items", "{EC9C2FCD-8303-4115-8210-84B0D2FD3EE3}"
	ProjectSection(SolutionItems) = preProject
		.editorconfig = .editorconfig
	EndProjectSection
EndProject
Global
	GlobalSection(SolutionConfigurationPlatforms) = preSolution
		Debug|Any CPU = Debug|Any CPU
		Debug|x86 = Debug|x86
		Release|Any CPU = Release|Any CPU
		Release|x86 = Release|x86
	EndGlobalSection
	GlobalSection(ProjectConfigurationPlatforms) = postSolution
		{0851AF83-03C1-4BA1-B593-4ED0F6022734}.Debug|Any CPU.ActiveCfg = Debug|Any CPU
		{0851AF83-03C1-4BA1-B593-4ED0F6022734}.Debug|Any CPU.Build.0 = Debug|Any CPU
		{0851AF83-03C1-4BA1-B593-4ED0F6022734}.Debug|x86.ActiveCfg = Debug|Any CPU
		{0851AF83-03C1-4BA1-B593-4ED0F6022734}.Debug|x86.Build.0 = Debug|Any CPU
		{0851AF83-03C1-4BA1-B593-4ED0F6022734}.Release|Any CPU.ActiveCfg = Release|Any CPU
		{0851AF83-03C1-4BA1-B593-4ED0F6022734}.Release|Any CPU.Build.0 = Release|Any CPU
		{0851AF83-03C1-4BA1-B593-4ED0F6022734}.Release|x86.ActiveCfg = Release|Any CPU
		{0851AF83-03C1-4BA1-B593-4ED0F6022734}.Release|x86.Build.0 = Release|Any CPU
		{B8FBB471-E655-4F98-B211-CFD081B57DBE}.Debug|Any CPU.ActiveCfg = Debug|Any CPU
		{B8FBB471-E655-4F98-B211-CFD081B57DBE}.Debug|Any CPU.Build.0 = Debug|Any CPU
		{B8FBB471-E655-4F98-B211-CFD081B57DBE}.Debug|x86.ActiveCfg = Debug|Any CPU
		{B8FBB471-E655-4F98-B211-CFD081B57DBE}.Debug|x86.Build.0 = Debug|Any CPU
		{B8FBB471-E655-4F98-B211-CFD081B57DBE}.Release|Any CPU.ActiveCfg = Release|Any CPU
		{B8FBB471-E655-4F98-B211-CFD081B57DBE}.Release|Any CPU.Build.0 = Release|Any CPU
		{B8FBB471-E655-4F98-B211-CFD081B57DBE}.Release|x86.ActiveCfg = Release|Any CPU
		{B8FBB471-E655-4F98-B211-CFD081B57DBE}.Release|x86.Build.0 = Release|Any CPU
		{C5F80730-F44F-4478-BDAE-6634EFC2CA88}.Debug|Any CPU.ActiveCfg = Debug|Win32
		{C5F80730-F44F-4478-BDAE-6634EFC2CA88}.Debug|x86.ActiveCfg = Debug|Win32
		{C5F80730-F44F-4478-BDAE-6634EFC2CA88}.Debug|x86.Build.0 = Debug|Win32
		{C5F80730-F44F-4478-BDAE-6634EFC2CA88}.Release|Any CPU.ActiveCfg = Release|Win32
		{C5F80730-F44F-4478-BDAE-6634EFC2CA88}.Release|x86.ActiveCfg = Release|Win32
		{C5F80730-F44F-4478-BDAE-6634EFC2CA88}.Release|x86.Build.0 = Release|Win32
	EndGlobalSection
	GlobalSection(SolutionProperties) = preSolution
		HideSolutionNode = FALSE
	EndGlobalSection
	GlobalSection(ExtensibilityGlobals) = postSolution
		SolutionGuid = {82162F50-CB5C-430C-98C1-704693DDA206}
	EndGlobalSection
EndGlobal
